{
  "name": "ntu_ui_and_apis",
  "version": "1.0.0",
  "lockfileVersion": 3,
  "requires": true,
  "packages": {
    "": {
      "name": "ntu_ui_and_apis",
      "version": "1.0.0",
      "license": "ISC",
      "devDependencies": {
        "@types/chai": "^4.3.5",
        "dotenv": "^16.0.3"
      }
    },
    "node_modules/@types/chai": {
      "version": "4.3.5",
      "resolved": "https://registry.npmjs.org/@types/chai/-/chai-4.3.5.tgz",
      "integrity": "sha512-mEo1sAde+UCE6b2hxn332f1g1E8WfYRu6p5SvTKr2ZKC1f7gFJXk4h5PyGP9Dt6gCaG8y8XhwnXWC6Iy2cmBng==",
      "dev": true
    },
    "node_modules/dotenv": {
      "version": "16.0.3",
      "resolved": "https://registry.npmjs.org/dotenv/-/dotenv-16.0.3.tgz",
      "integrity": "sha512-7GO6HghkA5fYG9TYnNxi14/7K9f5occMlp3zXAuSxn7CKCxt9xbNWG7yF8hTCSUchlfWSe3uLmlPfigevRItzQ==",
      "dev": true,
      "engines": {
        "node": ">=12"
      }
    }
  }
}
